
Microsoft Visual Studio Solution File, Format Version 12.00
# Visual Studio Version 17
VisualStudioVersion = 17.10.35013.160
MinimumVisualStudioVersion = 10.0.40219.1
Project("{2150E333-8FDC-42A3-9474-1A3956D46DE8}") = "src", "src", "{8FB25732-6C4D-41C8-B63B-DB3D72035B53}"
EndProject
Project("{2150E333-8FDC-42A3-9474-1A3956D46DE8}") = "Core", "Core", "{303FEA63-4EA8-45C8-A693-9B9A6558B2CE}"
EndProject
Project("{2150E333-8FDC-42A3-9474-1A3956D46DE8}") = "Infraestructure", "Infraestructure", "{D760D1BC-C5A6-4145-A61C-FCC8927C4DD1}"
EndProject
Project("{2150E333-8FDC-42A3-9474-1A3956D46DE8}") = "Presentation", "Presentation", "{459AAE68-4DFF-4FA6-920F-5FB220E901E0}"
EndProject
Project("{9A19103F-16F7-4668-BE54-9A1E7A4F7556}") = "Api.autor.Application", "Api.autor.Application\Api.autor.Application.csproj", "{230DB224-94AC-4B62-8821-8D5DD7B82F3E}"
EndProject
Project("{9A19103F-16F7-4668-BE54-9A1E7A4F7556}") = "Api.autor.Domain", "Api.autor.Domain\Api.autor.Domain.csproj", "{3621CD23-D255-4484-9BB5-551E61FCCCBE}"
EndProject
Project("{9A19103F-16F7-4668-BE54-9A1E7A4F7556}") = "Api.autor.Persintence", "Api.autor.Persintence\Api.autor.Persintence.csproj", "{58F1EB97-4F19-4891-A474-FC28C9C9A9C5}"
EndProject
Project("{9A19103F-16F7-4668-BE54-9A1E7A4F7556}") = "Api.autor.Infraestructure", "Api.autor.Infraestructure\Api.autor.Infraestructure.csproj", "{F6A984FF-C983-464B-98FC-A07DF53EC07E}"
EndProject
Project("{2150E333-8FDC-42A3-9474-1A3956D46DE8}") = "test", "test", "{D53CF0FB-EB9D-4EEB-93DC-CE6CC16029E7}"
EndProject
Project("{9A19103F-16F7-4668-BE54-9A1E7A4F7556}") = "Api.autor.WebApi", "Api.autor.WebApi\Api.autor.WebApi.csproj", "{6946647E-20BE-4E68-B0DF-8F33B84DCA47}"
EndProject
Project("{9A19103F-16F7-4668-BE54-9A1E7A4F7556}") = "Api.autor.Common", "Api.autor.Common\Api.autor.Common.csproj", "{315CB2A1-3861-45DA-A347-2A0CBE915964}"
EndProject
Project("{FAE04EC0-301F-11D3-BF4B-00C04F79EFBC}") = "Api.autor.IoC", "Api.autor.IoC\Api.autor.IoC.csproj", "{C7C49306-861A-430D-B56F-07029A93C76F}"
EndProject
Global
	GlobalSection(SolutionConfigurationPlatforms) = preSolution
		Debug|Any CPU = Debug|Any CPU
		Release|Any CPU = Release|Any CPU
	EndGlobalSection
	GlobalSection(ProjectConfigurationPlatforms) = postSolution
		{230DB224-94AC-4B62-8821-8D5DD7B82F3E}.Debug|Any CPU.ActiveCfg = Debug|Any CPU
		{230DB224-94AC-4B62-8821-8D5DD7B82F3E}.Debug|Any CPU.Build.0 = Debug|Any CPU
		{230DB224-94AC-4B62-8821-8D5DD7B82F3E}.Release|Any CPU.ActiveCfg = Release|Any CPU
		{230DB224-94AC-4B62-8821-8D5DD7B82F3E}.Release|Any CPU.Build.0 = Release|Any CPU
		{3621CD23-D255-4484-9BB5-551E61FCCCBE}.Debug|Any CPU.ActiveCfg = Debug|Any CPU
		{3621CD23-D255-4484-9BB5-551E61FCCCBE}.Debug|Any CPU.Build.0 = Debug|Any CPU
		{3621CD23-D255-4484-9BB5-551E61FCCCBE}.Release|Any CPU.ActiveCfg = Release|Any CPU
		{3621CD23-D255-4484-9BB5-551E61FCCCBE}.Release|Any CPU.Build.0 = Release|Any CPU
		{58F1EB97-4F19-4891-A474-FC28C9C9A9C5}.Debug|Any CPU.ActiveCfg = Debug|Any CPU
		{58F1EB97-4F19-4891-A474-FC28C9C9A9C5}.Debug|Any CPU.Build.0 = Debug|Any CPU
		{58F1EB97-4F19-4891-A474-FC28C9C9A9C5}.Release|Any CPU.ActiveCfg = Release|Any CPU
		{58F1EB97-4F19-4891-A474-FC28C9C9A9C5}.Release|Any CPU.Build.0 = Release|Any CPU
		{F6A984FF-C983-464B-98FC-A07DF53EC07E}.Debug|Any CPU.ActiveCfg = Debug|Any CPU
		{F6A984FF-C983-464B-98FC-A07DF53EC07E}.Debug|Any CPU.Build.0 = Debug|Any CPU
		{F6A984FF-C983-464B-98FC-A07DF53EC07E}.Release|Any CPU.ActiveCfg = Release|Any CPU
		{F6A984FF-C983-464B-98FC-A07DF53EC07E}.Release|Any CPU.Build.0 = Release|Any CPU
		{6946647E-20BE-4E68-B0DF-8F33B84DCA47}.Debug|Any CPU.ActiveCfg = Debug|Any CPU
		{6946647E-20BE-4E68-B0DF-8F33B84DCA47}.Debug|Any CPU.Build.0 = Debug|Any CPU
		{6946647E-20BE-4E68-B0DF-8F33B84DCA47}.Release|Any CPU.ActiveCfg = Release|Any CPU
		{6946647E-20BE-4E68-B0DF-8F33B84DCA47}.Release|Any CPU.Build.0 = Release|Any CPU
		{315CB2A1-3861-45DA-A347-2A0CBE915964}.Debug|Any CPU.ActiveCfg = Debug|Any CPU
		{315CB2A1-3861-45DA-A347-2A0CBE915964}.Debug|Any CPU.Build.0 = Debug|Any CPU
		{315CB2A1-3861-45DA-A347-2A0CBE915964}.Release|Any CPU.ActiveCfg = Release|Any CPU
		{315CB2A1-3861-45DA-A347-2A0CBE915964}.Release|Any CPU.Build.0 = Release|Any CPU
		{C7C49306-861A-430D-B56F-07029A93C76F}.Debug|Any CPU.ActiveCfg = Debug|Any CPU
		{C7C49306-861A-430D-B56F-07029A93C76F}.Debug|Any CPU.Build.0 = Debug|Any CPU
		{C7C49306-861A-430D-B56F-07029A93C76F}.Release|Any CPU.ActiveCfg = Release|Any CPU
		{C7C49306-861A-430D-B56F-07029A93C76F}.Release|Any CPU.Build.0 = Release|Any CPU
	EndGlobalSection
	GlobalSection(SolutionProperties) = preSolution
		HideSolutionNode = FALSE
	EndGlobalSection
	GlobalSection(NestedProjects) = preSolution
		{303FEA63-4EA8-45C8-A693-9B9A6558B2CE} = {8FB25732-6C4D-41C8-B63B-DB3D72035B53}
		{D760D1BC-C5A6-4145-A61C-FCC8927C4DD1} = {8FB25732-6C4D-41C8-B63B-DB3D72035B53}
		{459AAE68-4DFF-4FA6-920F-5FB220E901E0} = {8FB25732-6C4D-41C8-B63B-DB3D72035B53}
		{230DB224-94AC-4B62-8821-8D5DD7B82F3E} = {303FEA63-4EA8-45C8-A693-9B9A6558B2CE}
		{3621CD23-D255-4484-9BB5-551E61FCCCBE} = {303FEA63-4EA8-45C8-A693-9B9A6558B2CE}
		{58F1EB97-4F19-4891-A474-FC28C9C9A9C5} = {D760D1BC-C5A6-4145-A61C-FCC8927C4DD1}
		{F6A984FF-C983-464B-98FC-A07DF53EC07E} = {D760D1BC-C5A6-4145-A61C-FCC8927C4DD1}
		{D53CF0FB-EB9D-4EEB-93DC-CE6CC16029E7} = {8FB25732-6C4D-41C8-B63B-DB3D72035B53}
		{6946647E-20BE-4E68-B0DF-8F33B84DCA47} = {459AAE68-4DFF-4FA6-920F-5FB220E901E0}
		{315CB2A1-3861-45DA-A347-2A0CBE915964} = {D760D1BC-C5A6-4145-A61C-FCC8927C4DD1}
		{C7C49306-861A-430D-B56F-07029A93C76F} = {D760D1BC-C5A6-4145-A61C-FCC8927C4DD1}
	EndGlobalSection
	GlobalSection(ExtensibilityGlobals) = postSolution
		SolutionGuid = {E580EEB4-EC14-4656-9615-3A6E625793BC}
	EndGlobalSection
EndGlobal
